
Microsoft Visual Studio Solution File, Format Version 12.00
# Visual Studio Version 17
VisualStudioVersion = 17.13.35825.156 d17.13
MinimumVisualStudioVersion = 10.0.40219.1
Project("{FAE04EC0-301F-11D3-BF4B-00C04F79EFBC}") = "Koturn.Windows.HotKeys", "Koturn.Windows.HotKeys\Koturn.Windows.HotKeys.csproj", "{A95D3277-782E-4B5E-92EA-53EA212EEF4D}"
EndProject
Global
	GlobalSection(SolutionConfigurationPlatforms) = preSolution
		Debug|Any CPU = Debug|Any CPU
		Release|Any CPU = Release|Any CPU
	EndGlobalSection
	GlobalSection(ProjectConfigurationPlatforms) = postSolution
		{A95D3277-782E-4B5E-92EA-53EA212EEF4D}.Debug|Any CPU.ActiveCfg = Debug|Any CPU
		{A95D3277-782E-4B5E-92EA-53EA212EEF4D}.Debug|Any CPU.Build.0 = Debug|Any CPU
		{A95D3277-782E-4B5E-92EA-53EA212EEF4D}.Release|Any CPU.ActiveCfg = Release|Any CPU
		{A95D3277-782E-4B5E-92EA-53EA212EEF4D}.Release|Any CPU.Build.0 = Release|Any CPU
	EndGlobalSection
	GlobalSection(SolutionProperties) = preSolution
		HideSolutionNode = FALSE
	EndGlobalSection
	GlobalSection(ExtensibilityGlobals) = postSolution
		SolutionGuid = {FE4F4EC7-1432-4CA8-B94E-20B9B23612CC}
	EndGlobalSection
EndGlobal
